# Generated by buf. DO NOT EDIT.
version: v2
deps:
  - name: buf.build/bufbuild/protovalidate
    commit: a3320276596649bcad929ac829d451f4
    digest: b5:285a6d3a423b195a21f45aacc97ee222ac09cfb01a42f0d546aa51d92177b0b9d00eb9ae93e72dabbbefdc77f35a4c7a11f15d913cc08da764fcb6071f85d148
  - name: buf.build/cerbos/cerbos-api
    commit: 4054ffb190874e73b2d6327e0da10070
    digest: b5:758d5d46f38dbdfad71b98273da6401e99633e259b6745fc371a72bf3616209af95e0b3a1cd4e8f4fbe400e310fc54c6f7f0b79a0e7b6c51eba8a6864e46c00a
  - name: buf.build/googleapis/googleapis
    commit: c0913f24652a4cfc95f77d97443a5005
    digest: b5:4edb1480036c60f7867d75417d7faa87c851c96a4988a9746058a24e8e9bb4978daed0af35d57f6043de5a60355978dceaaa93dc992be99193260ac8823cbb8f
  - name: buf.build/grpc-ecosystem/grpc-gateway
    commit: a48fcebcf8f140dd9d09359b9bb185a4
    digest: b5:330af8a71b579ab96c4f3ee26929d1a68a5a9e986c7cfe0a898591fc514216bb6e723dc04c74d90fdee3f3f14f9100a54b4f079eb273e6e7213f0d5baca36ff8
