# Generated by buf. DO NOT EDIT.
version: v2
deps:
  - name: buf.build/bufbuild/protovalidate
    commit: 3014d81c3a48461dbcc5b57536699f9e
    digest: b5:04609c7e621c0aaff9164035e5c21d0d47b2af37ed58b311e15c37e9f46610255d71725a78fcca4103f2e03e2b35814667bffa146f8191693a1d502e8a0038b5
  - name: buf.build/cerbos/cerbos-api
    commit: a452d54c80ed49ec979a85c8c3d4a496
    digest: b5:23ef3ac0daa10f635659ed928dc1d704ed2efc75bd6f40bdb376a5bf09f7bdd0aa956782256de9e7119e9877cfc89be31b1250fed35be570ede92b11ad653091
  - name: buf.build/googleapis/googleapis
    commit: 7e6f6e774e29406da95bd61cdcdbc8bc
    digest: b5:654225f30f2351e6515417825836cb4bd5df3d952f6086e406957f80e03c8ee00c67739b836b87e06f2ff90a6f44675ad175e47ea5aef29ee909b91a29bdd334
  - name: buf.build/grpc-ecosystem/grpc-gateway
    commit: 3f42134f4c564983838425bc43c7a65f
    digest: b5:291b947d8ac09492517557e4e72e294788cb8201afc7d0df7bda80fa10931adb60d4d669208a7696bf24f1ecb2a33a16d4c1e766e6f31809248b00343119569b
